<?xml version="1.0" encoding="utf-8"?>
<Project ToolsVersion="4.0" xmlns="http://schemas.microsoft.com/developer/msbuild/2003">
  <ItemGroup>
    <Filter Include="Source">
      <UniqueIdentifier>{8e5c9de1-0714-406e-b9c4-7f44e779c992}</UniqueIdentifier>
    </Filter>
    <Filter Include="Include">
      <UniqueIdentifier>{0bee8084-9a5c-4be2-bfbf-a4b1e4d93425}</UniqueIdentifier>
    </Filter>
    <Filter Include="Include\Code">
      <UniqueIdentifier>{d4e9e2e4-b291-4453-af57-b9d16c6e1003}</UniqueIdentifier>
    </Filter>
    <Filter Include="Include\Common">
      <UniqueIdentifier>{4b03f7af-ed2c-4e4c-b7ee-322e611e295d}</UniqueIdentifier>
    </Filter>
    <Filter Include="Include\Image">
      <UniqueIdentifier>{ac762d3c-2740-4891-887c-abb40661cd6b}</UniqueIdentifier>
    </Filter>
    <Filter Include="Include\Visual">
      <UniqueIdentifier>{887bf42e-b0d5-4da1-9ed3-4de918047149}</UniqueIdentifier>
    </Filter>
    <Filter Include="Source\Code">
      <UniqueIdentifier>{965a870e-87e1-4a24-90e4-9f15d0d2ecec}</UniqueIdentifier>
    </Filter>
    <Filter Include="Source\Image">
      <UniqueIdentifier>{bdf85f3a-b8a2-4151-a14c-292012d9dd91}</UniqueIdentifier>
    </Filter>
    <Filter Include="Source\Visual">
      <UniqueIdentifier>{659da140-d614-422f-944f-580c469e83dc}</UniqueIdentifier>
    </Filter>
    <Filter Include="Source\Main">
      <UniqueIdentifier>{7476b56d-dc79-4997-a23a-42c5a3e088e9}</UniqueIdentifier>
    </Filter>
    <Filter Include="Source\Common">
      <UniqueIdentifier>{1ef12b2e-be49-4d90-bccd-2012ab600e9d}</UniqueIdentifier>
    </Filter>
    <Filter Include="Include\Exception">
      <UniqueIdentifier>{3a0207ae-2da0-46db-9ef1-21d2b2e7e174}</UniqueIdentifier>
    </Filter>
    <Filter Include="Source\Exception">
      <UniqueIdentifier>{cd20e89d-8926-4dd5-b329-86cb750b13be}</UniqueIdentifier>
    </Filter>
    <Filter Include="Include\Matrix">
      <UniqueIdentifier>{46ba41e5-6669-4d35-aa74-d3849d86f5fc}</UniqueIdentifier>
    </Filter>
    <Filter Include="Source\Matrix">
      <UniqueIdentifier>{1c5415c9-2c3f-4ff1-a7eb-95145c5ef578}</UniqueIdentifier>
    </Filter>
    <Filter Include="Include\Sequence">
      <UniqueIdentifier>{d8e713f8-d769-40c5-b409-98f7165ee6d1}</UniqueIdentifier>
    </Filter>
    <Filter Include="Source\Sequence">
      <UniqueIdentifier>{bdee20c5-42ff-4cb6-af17-ac68b490252e}</UniqueIdentifier>
    </Filter>
  </ItemGroup>
  <ItemGroup>
    <ClInclude Include="..\Include\Code\CodeBits.h">
      <Filter>Include\Code</Filter>
    </ClInclude>
    <ClInclude Include="..\Include\Code\Decoder.h">
      <Filter>Include\Code</Filter>
    </ClInclude>
    <ClInclude Include="..\Include\Code\Encoder.h">
      <Filter>Include\Code</Filter>
    </ClInclude>
    <ClInclude Include="..\Include\Code\TetraTree.h">
      <Filter>Include\Code</Filter>
    </ClInclude>
    <ClInclude Include="..\Include\Common\Types.h">
      <Filter>Include\Common</Filter>
    </ClInclude>
    <ClInclude Include="..\Include\Image\Image.h">
      <Filter>Include\Image</Filter>
    </ClInclude>
    <ClInclude Include="..\Include\Visual\Color.h">
      <Filter>Include\Visual</Filter>
    </ClInclude>
    <ClInclude Include="..\Include\Visual\HsvPalette.h">
      <Filter>Include\Visual</Filter>
    </ClInclude>
    <ClInclude Include="..\Include\Visual\Palette.h">
      <Filter>Include\Visual</Filter>
    </ClInclude>
    <ClInclude Include="..\Include\Visual\Pixel.h">
      <Filter>Include\Visual</Filter>
    </ClInclude>
    <ClInclude Include="..\Include\Common\Version.h">
      <Filter>Include\Common</Filter>
    </ClInclude>
    <ClInclude Include="..\Include\Exception\TraceableException.h">
      <Filter>Include\Exception</Filter>
    </ClInclude>
    <ClInclude Include="..\Include\Exception\BasicTraceableException.h">
      <Filter>Include\Exception</Filter>
    </ClInclude>
    <ClInclude Include="..\Include\Exception\ExceptionCause.h">
      <Filter>Include\Exception</Filter>
    </ClInclude>
    <ClInclude Include="..\Include\Matrix\MatrixView.h">
      <Filter>Include\Matrix</Filter>
    </ClInclude>
    <ClInclude Include="..\Include\Matrix\BasicView.h">
      <Filter>Include\Matrix</Filter>
    </ClInclude>
    <ClInclude Include="..\Include\Matrix\Converter.h">
      <Filter>Include\Matrix</Filter>
    </ClInclude>
    <ClInclude Include="..\Include\Matrix\ColorToPixelConverter.h">
      <Filter>Include\Matrix</Filter>
    </ClInclude>
    <ClInclude Include="..\Include\Matrix\MatrixViewExceptions.h">
      <Filter>Include\Matrix</Filter>
    </ClInclude>
    <ClInclude Include="..\Include\Matrix\MatrixViewExceptionsMacros.h">
      <Filter>Include\Matrix</Filter>
    </ClInclude>
    <ClInclude Include="..\Include\Common\UtilFunctions.h">
      <Filter>Include\Common</Filter>
    </ClInclude>
    <ClInclude Include="..\Include\Matrix\IntegerScalingConverter.h">
      <Filter>Include\Matrix</Filter>
    </ClInclude>
    <ClInclude Include="..\Include\Common\Format.h">
      <Filter>Include\Common</Filter>
    </ClInclude>
    <ClInclude Include="..\Include\Code\CodeBitsExceptions.h">
      <Filter>Include\Code</Filter>
    </ClInclude>
    <ClInclude Include="..\Include\Sequence\BasicIterator.h">
      <Filter>Include\Sequence</Filter>
    </ClInclude>
    <ClInclude Include="..\Include\Sequence\HighDensityScrambler.h">
      <Filter>Include\Sequence</Filter>
    </ClInclude>
    <ClInclude Include="..\Include\Sequence\Iterator.h">
      <Filter>Include\Sequence</Filter>
    </ClInclude>
    <ClInclude Include="..\Include\Sequence\IteratorExceptions.h">
      <Filter>Include\Sequence</Filter>
    </ClInclude>
    <ClInclude Include="..\Include\Sequence\IteratorExceptionsMacros.h">
      <Filter>Include\Sequence</Filter>
    </ClInclude>
    <ClInclude Include="..\Include\Sequence\PreambleScrambler.h">
      <Filter>Include\Sequence</Filter>
    </ClInclude>
    <ClInclude Include="..\Include\Sequence\Scrambler.h">
      <Filter>Include\Sequence</Filter>
    </ClInclude>
    <ClInclude Include="..\Include\Sequence\ParityCheckScrambler.h">
      <Filter>Include\Sequence</Filter>
    </ClInclude>
    <ClInclude Include="..\Include\Code\CodeBitsExceptionsMacros.h">
      <Filter>Include\Code</Filter>
    </ClInclude>
    <ClInclude Include="..\Include\Exception\BasicTraceableExceptionMacros.h">
      <Filter>Include\Exception</Filter>
    </ClInclude>
    <ClInclude Include="..\Include\Code\EncoderExceptions.h">
      <Filter>Include\Code</Filter>
    </ClInclude>
    <ClInclude Include="..\Include\Code\EncoderExceptionsMacros.h">
      <Filter>Include\Code</Filter>
    </ClInclude>
  </ItemGroup>
  <ItemGroup>
    <ClCompile Include="..\Source\Code\CodeBits.cpp">
      <Filter>Source\Code</Filter>
    </ClCompile>
    <ClCompile Include="..\Source\Code\Decoder.cpp">
      <Filter>Source\Code</Filter>
    </ClCompile>
    <ClCompile Include="..\Source\Code\Encoder.cpp">
      <Filter>Source\Code</Filter>
    </ClCompile>
    <ClCompile Include="..\Source\Code\TetraTree.cpp">
      <Filter>Source\Code</Filter>
    </ClCompile>
    <ClCompile Include="..\Source\Image\Image.cpp">
      <Filter>Source\Image</Filter>
    </ClCompile>
    <ClCompile Include="..\Source\Visual\Color.cpp">
      <Filter>Source\Visual</Filter>
    </ClCompile>
    <ClCompile Include="..\Source\Visual\HsvPalette.cpp">
      <Filter>Source\Visual</Filter>
    </ClCompile>
    <ClCompile Include="..\Source\Main\Source.cpp">
      <Filter>Source\Main</Filter>
    </ClCompile>
    <ClCompile Include="..\Source\Common\Version.cpp">
      <Filter>Source\Common</Filter>
    </ClCompile>
    <ClCompile Include="..\Source\Exception\BasicTraceableException.cpp">
      <Filter>Source\Exception</Filter>
    </ClCompile>
    <ClCompile Include="..\Source\Exception\ExceptionCause.cpp">
      <Filter>Source\Exception</Filter>
    </ClCompile>
    <ClCompile Include="..\Source\Matrix\ColorToPixelConverter.cpp">
      <Filter>Source\Matrix</Filter>
    </ClCompile>
    <ClCompile Include="..\Source\Matrix\MatrixViewExceptions.cpp">
      <Filter>Source\Matrix</Filter>
    </ClCompile>
    <ClCompile Include="..\Source\Matrix\IntegerScalingConverter.cpp">
      <Filter>Source\Matrix</Filter>
    </ClCompile>
    <ClCompile Include="..\Source\Visual\Pixel.cpp">
      <Filter>Source\Visual</Filter>
    </ClCompile>
    <ClCompile Include="..\Source\Code\CodeBitsExceptions.cpp">
      <Filter>Source\Code</Filter>
    </ClCompile>
    <ClCompile Include="..\Source\Sequence\HighDensityScrambler.cpp">
      <Filter>Source\Sequence</Filter>
    </ClCompile>
    <ClCompile Include="..\Source\Sequence\IteratorExceptions.cpp">
      <Filter>Source\Sequence</Filter>
    </ClCompile>
    <ClCompile Include="..\Source\Sequence\PreambleScrambler.cpp">
      <Filter>Source\Sequence</Filter>
    </ClCompile>
    <ClCompile Include="..\Source\Sequence\ParityCheckScrambler.cpp">
      <Filter>Source\Sequence</Filter>
    </ClCompile>
    <ClCompile Include="..\Source\Code\EncoderExceptions.cpp">
      <Filter>Source\Code</Filter>
    </ClCompile>
  </ItemGroup>
</Project>